
Microsoft Visual Studio Solution File, Format Version 12.00
# Visual Studio 15
VisualStudioVersion = 15.0.28010.2016
MinimumVisualStudioVersion = 10.0.40219.1
Project("{FAE04EC0-301F-11D3-BF4B-00C04F79EFBC}") = "TeduShop.Common", "TeduShop.Common\TeduShop.Common.csproj", "{AB02DC85-4949-4D73-814E-076DBEF59540}"
EndProject
Project("{FAE04EC0-301F-11D3-BF4B-00C04F79EFBC}") = "TeduShop.Data", "TeduShop.Data\TeduShop.Data.csproj", "{F54A499F-EEFB-482E-AF1E-2153C937B1D3}"
EndProject
Project("{FAE04EC0-301F-11D3-BF4B-00C04F79EFBC}") = "TeduShop.Model", "TeduShop.Model\TeduShop.Model.csproj", "{C9109426-9284-4FB1-A03D-A693C644337F}"
EndProject
Project("{FAE04EC0-301F-11D3-BF4B-00C04F79EFBC}") = "TeduShop.Service", "TeduShop.Service\TeduShop.Service.csproj", "{17C346DF-6EFB-4E24-9AA2-C5E9E0EE7D6F}"
EndProject
Project("{FAE04EC0-301F-11D3-BF4B-00C04F79EFBC}") = "TeduShop.UnitTest", "TeduShop.UnitTest\TeduShop.UnitTest.csproj", "{2FD6C3D2-2A66-4479-BE38-8AB227097D60}"
EndProject
Project("{FAE04EC0-301F-11D3-BF4B-00C04F79EFBC}") = "TeduShop.Web", "TeduShop.Web\TeduShop.Web.csproj", "{2848EE53-8506-4297-94CC-18B9DF0E9888}"
EndProject
Global
	GlobalSection(SolutionConfigurationPlatforms) = preSolution
		Debug|Any CPU = Debug|Any CPU
		Release|Any CPU = Release|Any CPU
	EndGlobalSection
	GlobalSection(ProjectConfigurationPlatforms) = postSolution
		{AB02DC85-4949-4D73-814E-076DBEF59540}.Debug|Any CPU.ActiveCfg = Debug|Any CPU
		{AB02DC85-4949-4D73-814E-076DBEF59540}.Debug|Any CPU.Build.0 = Debug|Any CPU
		{AB02DC85-4949-4D73-814E-076DBEF59540}.Release|Any CPU.ActiveCfg = Release|Any CPU
		{AB02DC85-4949-4D73-814E-076DBEF59540}.Release|Any CPU.Build.0 = Release|Any CPU
		{F54A499F-EEFB-482E-AF1E-2153C937B1D3}.Debug|Any CPU.ActiveCfg = Debug|Any CPU
		{F54A499F-EEFB-482E-AF1E-2153C937B1D3}.Debug|Any CPU.Build.0 = Debug|Any CPU
		{F54A499F-EEFB-482E-AF1E-2153C937B1D3}.Release|Any CPU.ActiveCfg = Release|Any CPU
		{F54A499F-EEFB-482E-AF1E-2153C937B1D3}.Release|Any CPU.Build.0 = Release|Any CPU
		{C9109426-9284-4FB1-A03D-A693C644337F}.Debug|Any CPU.ActiveCfg = Debug|Any CPU
		{C9109426-9284-4FB1-A03D-A693C644337F}.Debug|Any CPU.Build.0 = Debug|Any CPU
		{C9109426-9284-4FB1-A03D-A693C644337F}.Release|Any CPU.ActiveCfg = Release|Any CPU
		{C9109426-9284-4FB1-A03D-A693C644337F}.Release|Any CPU.Build.0 = Release|Any CPU
		{17C346DF-6EFB-4E24-9AA2-C5E9E0EE7D6F}.Debug|Any CPU.ActiveCfg = Debug|Any CPU
		{17C346DF-6EFB-4E24-9AA2-C5E9E0EE7D6F}.Debug|Any CPU.Build.0 = Debug|Any CPU
		{17C346DF-6EFB-4E24-9AA2-C5E9E0EE7D6F}.Release|Any CPU.ActiveCfg = Release|Any CPU
		{17C346DF-6EFB-4E24-9AA2-C5E9E0EE7D6F}.Release|Any CPU.Build.0 = Release|Any CPU
		{2FD6C3D2-2A66-4479-BE38-8AB227097D60}.Debug|Any CPU.ActiveCfg = Debug|Any CPU
		{2FD6C3D2-2A66-4479-BE38-8AB227097D60}.Debug|Any CPU.Build.0 = Debug|Any CPU
		{2FD6C3D2-2A66-4479-BE38-8AB227097D60}.Release|Any CPU.ActiveCfg = Release|Any CPU
		{2FD6C3D2-2A66-4479-BE38-8AB227097D60}.Release|Any CPU.Build.0 = Release|Any CPU
		{2848EE53-8506-4297-94CC-18B9DF0E9888}.Debug|Any CPU.ActiveCfg = Debug|Any CPU
		{2848EE53-8506-4297-94CC-18B9DF0E9888}.Debug|Any CPU.Build.0 = Debug|Any CPU
		{2848EE53-8506-4297-94CC-18B9DF0E9888}.Release|Any CPU.ActiveCfg = Release|Any CPU
		{2848EE53-8506-4297-94CC-18B9DF0E9888}.Release|Any CPU.Build.0 = Release|Any CPU
	EndGlobalSection
	GlobalSection(SolutionProperties) = preSolution
		HideSolutionNode = FALSE
	EndGlobalSection
	GlobalSection(ExtensibilityGlobals) = postSolution
		SolutionGuid = {B5D12A30-BFBC-4153-A803-16E4523CBF38}
	EndGlobalSection
EndGlobal
